<?xml version="1.0" encoding="utf-8"?>
<Project xmlns="http://schemas.microsoft.com/developer/msbuild/2003">
  <ItemGroup>
    <Filter Include="Form Files">
      <UniqueIdentifier>{99349809-55BA-4b9d-BF79-8FDBB0286EB3}</UniqueIdentifier>
      <Extensions>ui</Extensions>
      <ParseFiles>false</ParseFiles>
    </Filter>
    <Filter Include="Form Files">
      <UniqueIdentifier>{99349809-55BA-4b9d-BF79-8FDBB0286EB3}</UniqueIdentifier>
      <Extensions>ui</Extensions>
      <ParseFiles>false</ParseFiles>
    </Filter>
    <Filter Include="Generated Files">
      <UniqueIdentifier>{71ED8ED8-ACB9-4CE9-BBE1-E00B30144E11}</UniqueIdentifier>
      <Extensions>cpp;c;cxx;moc;h;def;odl;idl;res;</Extensions>
    </Filter>
    <Filter Include="Generated Files">
      <UniqueIdentifier>{71ED8ED8-ACB9-4CE9-BBE1-E00B30144E11}</UniqueIdentifier>
      <Extensions>cpp;c;cxx;moc;h;def;odl;idl;res;</Extensions>
    </Filter>
    <Filter Include="Header Files">
      <UniqueIdentifier>{93995380-89BD-4b04-88EB-625FBE52EBFB}</UniqueIdentifier>
      <Extensions>h;hpp;hxx;hm;inl;inc;xsd</Extensions>
    </Filter>
    <Filter Include="Header Files">
      <UniqueIdentifier>{93995380-89BD-4b04-88EB-625FBE52EBFB}</UniqueIdentifier>
      <Extensions>h;hpp;hxx;hm;inl;inc;xsd</Extensions>
    </Filter>
    <Filter Include="Source Files">
      <UniqueIdentifier>{4FC737F1-C7A5-4376-A066-2A32D752A2FF}</UniqueIdentifier>
      <Extensions>cpp;c;cxx;def;odl;idl;hpj;bat;asm;asmx</Extensions>
    </Filter>
    <Filter Include="Source Files">
      <UniqueIdentifier>{4FC737F1-C7A5-4376-A066-2A32D752A2FF}</UniqueIdentifier>
      <Extensions>cpp;c;cxx;def;odl;idl;hpj;bat;asm;asmx</Extensions>
    </Filter>
    <Filter Include="Distribution Files">
      <UniqueIdentifier>{B83CAF91-C7BF-462F-B76C-EA11631F866C}</UniqueIdentifier>
      <Extensions>*</Extensions>
      <ParseFiles>false</ParseFiles>
    </Filter>
    <Filter Include="Distribution Files">
      <UniqueIdentifier>{B83CAF91-C7BF-462F-B76C-EA11631F866C}</UniqueIdentifier>
      <Extensions>*</Extensions>
      <ParseFiles>false</ParseFiles>
    </Filter>
  </ItemGroup>
  <ItemGroup>
    <ClCompile Include="invoker.cpp">
      <Filter>Source Files</Filter>
    </ClCompile>
    <ClCompile Include="iplugin.cpp">
      <Filter>Source Files</Filter>
    </ClCompile>
    <ClCompile Include="optionsparser.cpp">
      <Filter>Source Files</Filter>
    </ClCompile>
    <ClCompile Include="plugindetailsview.cpp">
      <Filter>Source Files</Filter>
    </ClCompile>
    <ClCompile Include="pluginerroroverview.cpp">
      <Filter>Source Files</Filter>
    </ClCompile>
    <ClCompile Include="pluginerrorview.cpp">
      <Filter>Source Files</Filter>
    </ClCompile>
    <ClCompile Include="pluginmanager.cpp">
      <Filter>Source Files</Filter>
    </ClCompile>
    <ClCompile Include="pluginspec.cpp">
      <Filter>Source Files</Filter>
    </ClCompile>
    <ClCompile Include="pluginview.cpp">
      <Filter>Source Files</Filter>
    </ClCompile>
  </ItemGroup>
  <ItemGroup>
    <ClInclude Include="extensionsystem_global.h">
      <Filter>Header Files</Filter>
    </ClInclude>
    <ClInclude Include="invoker.h">
      <Filter>Header Files</Filter>
    </ClInclude>
    <QtMoc Include="iplugin.h">
      <Filter>Header Files</Filter>
    </QtMoc>
    <ClInclude Include="iplugin_p.h">
      <Filter>Header Files</Filter>
    </ClInclude>
    <ClInclude Include="optionsparser.h">
      <Filter>Header Files</Filter>
    </ClInclude>
    <QtMoc Include="plugindetailsview.h">
      <Filter>Header Files</Filter>
    </QtMoc>
    <QtMoc Include="pluginerroroverview.h">
      <Filter>Header Files</Filter>
    </QtMoc>
    <QtMoc Include="pluginerrorview.h">
      <Filter>Header Files</Filter>
    </QtMoc>
    <QtMoc Include="pluginmanager.h">
      <Filter>Header Files</Filter>
    </QtMoc>
    <QtMoc Include="pluginmanager_p.h">
      <Filter>Header Files</Filter>
    </QtMoc>
    <ClInclude Include="pluginspec.h">
      <Filter>Header Files</Filter>
    </ClInclude>
    <QtMoc Include="pluginspec_p.h">
      <Filter>Header Files</Filter>
    </QtMoc>
    <QtMoc Include="pluginview.h">
      <Filter>Header Files</Filter>
    </QtMoc>
    <CustomBuild Include="..\..\shared\qtcreator_pch.h">
      <Filter>Header Files</Filter>
    </CustomBuild>
  </ItemGroup>
  <ItemGroup>
    
    
    
    
    
    
    
    
    
    
    
    
    
    
    
    
    <CustomBuild Include="debug\moc_predefs.h.cbt">
      <Filter>Generated Files</Filter>
    </CustomBuild>
    <CustomBuild Include="release\moc_predefs.h.cbt">
      <Filter>Generated Files</Filter>
    </CustomBuild>
    <ClCompile Include="..\..\shared\qtcreator_pch.h.cpp">
      <Filter>Generated Files</Filter>
    </ClCompile>
    
    
    
  </ItemGroup>
  <ItemGroup>
    <QtUic Include="plugindetailsview.ui">
      <Filter>Form Files</Filter>
    </QtUic>
    <QtUic Include="pluginerroroverview.ui">
      <Filter>Form Files</Filter>
    </QtUic>
    <QtUic Include="pluginerrorview.ui">
      <Filter>Form Files</Filter>
    </QtUic>
  </ItemGroup>
  <ItemGroup>
    <None Include="D:\User\Gxy\????\qt-creator-master\qt-creator-master\src\libs\extensionsystem\extensionsystem.qbs">
      <Filter>Distribution Files</Filter>
    </None>
  </ItemGroup>
  <ItemGroup>
    <ResourceCompile Include="D:\User\Gxy\????\qt-creator-master\qt-creator-master\src\libs\extensionsystem\ExtensionSystem_resource.rc" />
    <ResourceCompile Include="D:\User\Gxy\????\qt-creator-master\qt-creator-master\src\libs\extensionsystem\ExtensionSystemd_resource.rc" />
  </ItemGroup>
</Project>